// !$*UTF8*$!
{
	archiveVersion = 1;
	classes = {
	};
	objectVersion = 46;
	objects = {

/* Begin PBXBuildFile section */
		AC87264D1B7AB23E003F2766 /* AppDelegate.swift in Sources */ = {isa = PBXBuildFile; fileRef = AC87264C1B7AB23E003F2766 /* AppDelegate.swift */; };
		AC87264F1B7AB23E003F2766 /* ViewController.swift in Sources */ = {isa = PBXBuildFile; fileRef = AC87264E1B7AB23E003F2766 /* ViewController.swift */; };
		AC8726521B7AB23E003F2766 /* Main.storyboard in Resources */ = {isa = PBXBuildFile; fileRef = AC8726501B7AB23E003F2766 /* Main.storyboard */; };
		AC8726541B7AB23E003F2766 /* Images.xcassets in Resources */ = {isa = PBXBuildFile; fileRef = AC8726531B7AB23E003F2766 /* Images.xcassets */; };
		AC8726571B7AB23E003F2766 /* LaunchScreen.xib in Resources */ = {isa = PBXBuildFile; fileRef = AC8726551B7AB23E003F2766 /* LaunchScreen.xib */; };
		AC8726631B7AB23E003F2766 /* AutoLayerTests.swift in Sources */ = {isa = PBXBuildFile; fileRef = AC8726621B7AB23E003F2766 /* AutoLayerTests.swift */; };
/* End PBXBuildFile section */

/* Begin PBXContainerItemProxy section */
		AC87265D1B7AB23E003F2766 /* PBXContainerItemProxy */ = {
			isa = PBXContainerItemProxy;
			containerPortal = AC87263F1B7AB23E003F2766 /* Project object */;
			proxyType = 1;
			remoteGlobalIDString = AC8726461B7AB23E003F2766;
			remoteInfo = AutoLayer;
		};
/* End PBXContainerItemProxy section */

/* Begin PBXFileReference section */
		AC8726471B7AB23E003F2766 /* AutoLayer.app */ = {isa = PBXFileReference; explicitFileType = wrapper.application; includeInIndex = 0; path = AutoLayer.app; sourceTree = BUILT_PRODUCTS_DIR; };
		AC87264B1B7AB23E003F2766 /* Info.plist */ = {isa = PBXFileReference; lastKnownFileType = text.plist.xml; path = Info.plist; sourceTree = "<group>"; };
		AC87264C1B7AB23E003F2766 /* AppDelegate.swift */ = {isa = PBXFileReference; lastKnownFileType = sourcecode.swift; path = AppDelegate.swift; sourceTree = "<group>"; };
		AC87264E1B7AB23E003F2766 /* ViewController.swift */ = {isa = PBXFileReference; lastKnownFileType = sourcecode.swift; path = ViewController.swift; sourceTree = "<group>"; };
		AC8726511B7AB23E003F2766 /* Base */ = {isa = PBXFileReference; lastKnownFileType = file.storyboard; name = Base; path = Base.lproj/Main.storyboard; sourceTree = "<group>"; };
		AC8726531B7AB23E003F2766 /* Images.xcassets */ = {isa = PBXFileReference; lastKnownFileType = folder.assetcatalog; path = Images.xcassets; sourceTree = "<group>"; };
		AC8726561B7AB23E003F2766 /* Base */ = {isa = PBXFileReference; lastKnownFileType = file.xib; name = Base; path = Base.lproj/LaunchScreen.xib; sourceTree = "<group>"; };
		AC87265C1B7AB23E003F2766 /* AutoLayerTests.xctest */ = {isa = PBXFileReference; explicitFileType = wrapper.cfbundle; includeInIndex = 0; path = AutoLayerTests.xctest; sourceTree = BUILT_PRODUCTS_DIR; };
		AC8726611B7AB23E003F2766 /* Info.plist */ = {isa = PBXFileReference; lastKnownFileType = text.plist.xml; path = Info.plist; sourceTree = "<group>"; };
		AC8726621B7AB23E003F2766 /* AutoLayerTests.swift */ = {isa = PBXFileReference; lastKnownFileType = sourcecode.swift; path = AutoLayerTests.swift; sourceTree = "<group>"; };
/* End PBXFileReference section */

/* Begin PBXFrameworksBuildPhase section */
		AC8726441B7AB23E003F2766 /* Frameworks */ = {
			isa = PBXFrameworksBuildPhase;
			buildActionMask = 2147483647;
			files = (
			);
			runOnlyForDeploymentPostprocessing = 0;
		};
		AC8726591B7AB23E003F2766 /* Frameworks */ = {
			isa = PBXFrameworksBuildPhase;
			buildActionMask = 2147483647;
			files = (
			);
			runOnlyForDeploymentPostprocessing = 0;
		};
/* End PBXFrameworksBuildPhase section */

/* Begin PBXGroup section */
		AC87263E1B7AB23E003F2766 = {
			isa = PBXGroup;
			children = (
				AC8726491B7AB23E003F2766 /* AutoLayer */,
				AC87265F1B7AB23E003F2766 /* AutoLayerTests */,
				AC8726481B7AB23E003F2766 /* Products */,
			);
			sourceTree = "<group>";
		};
		AC8726481B7AB23E003F2766 /* Products */ = {
			isa = PBXGroup;
			children = (
				AC8726471B7AB23E003F2766 /* AutoLayer.app */,
				AC87265C1B7AB23E003F2766 /* AutoLayerTests.xctest */,
			);
			name = Products;
			sourceTree = "<group>";
		};
		AC8726491B7AB23E003F2766 /* AutoLayer */ = {
			isa = PBXGroup;
			children = (
				AC87264C1B7AB23E003F2766 /* AppDelegate.swift */,
				AC87264E1B7AB23E003F2766 /* ViewController.swift */,
				AC8726501B7AB23E003F2766 /* Main.storyboard */,
				AC8726531B7AB23E003F2766 /* Images.xcassets */,
				AC8726551B7AB23E003F2766 /* LaunchScreen.xib */,
				AC87264A1B7AB23E003F2766 /* Supporting Files */,
			);
			path = AutoLayer;
			sourceTree = "<group>";
		};
		AC87264A1B7AB23E003F2766 /* Supporting Files */ = {
			isa = PBXGroup;
			children = (
				AC87264B1B7AB23E003F2766 /* Info.plist */,
			);
			name = "Supporting Files";
			sourceTree = "<group>";
		};
		AC87265F1B7AB23E003F2766 /* AutoLayerTests */ = {
			isa = PBXGroup;
			children = (
				AC8726621B7AB23E003F2766 /* AutoLayerTests.swift */,
				AC8726601B7AB23E003F2766 /* Supporting Files */,
			);
			path = AutoLayerTests;
			sourceTree = "<group>";
		};
		AC8726601B7AB23E003F2766 /* Supporting Files */ = {
			isa = PBXGroup;
			children = (
				AC8726611B7AB23E003F2766 /* Info.plist */,
			);
			name = "Supporting Files";
			sourceTree = "<group>";
		};
/* End PBXGroup section */

/* Begin PBXNativeTarget section */
		AC8726461B7AB23E003F2766 /* AutoLayer */ = {
			isa = PBXNativeTarget;
			buildConfigurationList = AC8726661B7AB23E003F2766 /* Build configuration list for PBXNativeTarget "AutoLayer" */;
			buildPhases = (
				AC8726431B7AB23E003F2766 /* Sources */,
				AC8726441B7AB23E003F2766 /* Frameworks */,
				AC8726451B7AB23E003F2766 /* Resources */,
			);
			buildRules = (
			);
			dependencies = (
			);
			name = AutoLayer;
			productName = AutoLayer;
			productReference = AC8726471B7AB23E003F2766 /* AutoLayer.app */;
			productType = "com.apple.product-type.application";
		};
		AC87265B1B7AB23E003F2766 /* AutoLayerTests */ = {
			isa = PBXNativeTarget;
			buildConfigurationList = AC8726691B7AB23E003F2766 /* Build configuration list for PBXNativeTarget "AutoLayerTests" */;
			buildPhases = (
				AC8726581B7AB23E003F2766 /* Sources */,
				AC8726591B7AB23E003F2766 /* Frameworks */,
				AC87265A1B7AB23E003F2766 /* Resources */,
			);
			buildRules = (
			);
			dependencies = (
				AC87265E1B7AB23E003F2766 /* PBXTargetDependency */,
			);
			name = AutoLayerTests;
			productName = AutoLayerTests;
			productReference = AC87265C1B7AB23E003F2766 /* AutoLayerTests.xctest */;
			productType = "com.apple.product-type.bundle.unit-test";
		};
/* End PBXNativeTarget section */

/* Begin PBXProject section */
		AC87263F1B7AB23E003F2766 /* Project object */ = {
			isa = PBXProject;
			attributes = {
				LastUpgradeCheck = 0640;
				ORGANIZATIONNAME = "Guest User";
				TargetAttributes = {
					AC8726461B7AB23E003F2766 = {
						CreatedOnToolsVersion = 6.4;
					};
					AC87265B1B7AB23E003F2766 = {
						CreatedOnToolsVersion = 6.4;
						TestTargetID = AC8726461B7AB23E003F2766;
					};
				};
			};
			buildConfigurationList = AC8726421B7AB23E003F2766 /* Build configuration list for PBXProject "AutoLayer" */;
			compatibilityVersion = "Xcode 3.2";
			developmentRegion = English;
			hasScannedForEncodings = 0;
			knownRegions = (
				en,
				Base,
			);
			mainGroup = AC87263E1B7AB23E003F2766;
			productRefGroup = AC8726481B7AB23E003F2766 /* Products */;
			projectDirPath = "";
			projectRoot = "";
			targets = (
				AC8726461B7AB23E003F2766 /* AutoLayer */,
				AC87265B1B7AB23E003F2766 /* AutoLayerTests */,
			);
		};
/* End PBXProject section */

/* Begin PBXResourcesBuildPhase section */
		AC8726451B7AB23E003F2766 /* Resources */ = {
			isa = PBXResourcesBuildPhase;
			buildActionMask = 2147483647;
			files = (
				AC8726521B7AB23E003F2766 /* Main.storyboard in Resources */,
				AC8726571B7AB23E003F2766 /* LaunchScreen.xib in Resources */,
				AC8726541B7AB23E003F2766 /* Images.xcassets in Resources */,
			);
			runOnlyForDeploymentPostprocessing = 0;
		};
		AC87265A1B7AB23E003F2766 /* Resources */ = {
			isa = PBXResourcesBuildPhase;
			buildActionMask = 2147483647;
			files = (
			);
			runOnlyForDeploymentPostprocessing = 0;
		};
/* End PBXResourcesBuildPhase section */

/* Begin PBXSourcesBuildPhase section */
		AC8726431B7AB23E003F2766 /* Sources */ = {
			isa = PBXSourcesBuildPhase;
			buildActionMask = 2147483647;
			files = (
				AC87264F1B7AB23E003F2766 /* ViewController.swift in Sources */,
				AC87264D1B7AB23E003F2766 /* AppDelegate.swift in Sources */,
			);
			runOnlyForDeploymentPostprocessing = 0;
		};
		AC8726581B7AB23E003F2766 /* Sources */ = {
			isa = PBXSourcesBuildPhase;
			buildActionMask = 2147483647;
			files = (
				AC8726631B7AB23E003F2766 /* AutoLayerTests.swift in Sources */,
			);
			runOnlyForDeploymentPostprocessing = 0;
		};
/* End PBXSourcesBuildPhase section */

/* Begin PBXTargetDependency section */
		AC87265E1B7AB23E003F2766 /* PBXTargetDependency */ = {
			isa = PBXTargetDependency;
			target = AC8726461B7AB23E003F2766 /* AutoLayer */;
			targetProxy = AC87265D1B7AB23E003F2766 /* PBXContainerItemProxy */;
		};
/* End PBXTargetDependency section */

/* Begin PBXVariantGroup section */
		AC8726501B7AB23E003F2766 /* Main.storyboard */ = {
			isa = PBXVariantGroup;
			children = (
				AC8726511B7AB23E003F2766 /* Base */,
			);
			name = Main.storyboard;
			sourceTree = "<group>";
		};
		AC8726551B7AB23E003F2766 /* LaunchScreen.xib */ = {
			isa = PBXVariantGroup;
			children = (
				AC8726561B7AB23E003F2766 /* Base */,
			);
			name = LaunchScreen.xib;
			sourceTree = "<group>";
		};
/* End PBXVariantGroup section */

/* Begin XCBuildConfiguration section */
		AC8726641B7AB23E003F2766 /* Debug */ = {
			isa = XCBuildConfiguration;
			buildSettings = {
				ALWAYS_SEARCH_USER_PATHS = NO;
				CLANG_CXX_LANGUAGE_STANDARD = "gnu++0x";
				CLANG_CXX_LIBRARY = "libc++";
				CLANG_ENABLE_MODULES = YES;
				CLANG_ENABLE_OBJC_ARC = YES;
				CLANG_WARN_BOOL_CONVERSION = YES;
				CLANG_WARN_CONSTANT_CONVERSION = YES;
				CLANG_WARN_DIRECT_OBJC_ISA_USAGE = YES_ERROR;
				CLANG_WARN_EMPTY_BODY = YES;
				CLANG_WARN_ENUM_CONVERSION = YES;
				CLANG_WARN_INT_CONVERSION = YES;
				CLANG_WARN_OBJC_ROOT_CLASS = YES_ERROR;
				CLANG_WARN_UNREACHABLE_CODE = YES;
				CLANG_WARN__DUPLICATE_METHOD_MATCH = YES;
				"CODE_SIGN_IDENTITY[sdk=iphoneos*]" = "iPhone Developer";
				COPY_PHASE_STRIP = NO;
				DEBUG_INFORMATION_FORMAT = "dwarf-with-dsym";
				ENABLE_STRICT_OBJC_MSGSEND = YES;
				GCC_C_LANGUAGE_STANDARD = gnu99;
				GCC_DYNAMIC_NO_PIC = NO;
				GCC_NO_COMMON_BLOCKS = YES;
				GCC_OPTIMIZATION_LEVEL = 0;
				GCC_PREPROCESSOR_DEFINITIONS = (
					"DEBUG=1",
					"$(inherited)",
				);
				GCC_SYMBOLS_PRIVATE_EXTERN = NO;
				GCC_WARN_64_TO_32_BIT_CONVERSION = YES;
				GCC_WARN_ABOUT_RETURN_TYPE = YES_ERROR;
				GCC_WARN_UNDECLARED_SELECTOR = YES;
				GCC_WARN_UNINITIALIZED_AUTOS = YES_AGGRESSIVE;
				GCC_WARN_UNUSED_FUNCTION = YES;
				GCC_WARN_UNUSED_VARIABLE = YES;
				IPHONEOS_DEPLOYMENT_TARGET = 8.4;
				MTL_ENABLE_DEBUG_INFO = YES;
				ONLY_ACTIVE_ARCH = YES;
				SDKROOT = iphoneos;
				SWIFT_OPTIMIZATION_LEVEL = "-Onone";
			};
			name = Debug;
		};
		AC8726651B7AB23E003F2766 /* Release */ = {
			isa = XCBuildConfiguration;
			buildSettings = {
				ALWAYS_SEARCH_USER_PATHS = NO;
				CLANG_CXX_LANGUAGE_STANDARD = "gnu++0x";
				CLANG_CXX_LIBRARY = "libc++";
				CLANG_ENABLE_MODULES = YES;
				CLANG_ENABLE_OBJC_ARC = YES;
				CLANG_WARN_BOOL_CONVERSION = YES;
				CLANG_WARN_CONSTANT_CONVERSION = YES;
				CLANG_WARN_DIRECT_OBJC_ISA_USAGE = YES_ERROR;
				CLANG_WARN_EMPTY_BODY = YES;
				CLANG_WARN_ENUM_CONVERSION = YES;
				CLANG_WARN_INT_CONVERSION = YES;
				CLANG_WARN_OBJC_ROOT_CLASS = YES_ERROR;
				CLANG_WARN_UNREACHABLE_CODE = YES;
				CLANG_WARN__DUPLICATE_METHOD_MATCH = YES;
				"CODE_SIGN_IDENTITY[sdk=iphoneos*]" = "iPhone Developer";
				COPY_PHASE_STRIP = NO;
				DEBUG_INFORMATION_FORMAT = "dwarf-with-dsym";
				ENABLE_NS_ASSERTIONS = NO;
				ENABLE_STRICT_OBJC_MSGSEND = YES;
				GCC_C_LANGUAGE_STANDARD = gnu99;
				GCC_NO_COMMON_BLOCKS = YES;
				GCC_WARN_64_TO_32_BIT_CONVERSION = YES;
				GCC_WARN_ABOUT_RETURN_TYPE = YES_ERROR;
				GCC_WARN_UNDECLARED_SELECTOR = YES;
				GCC_WARN_UNINITIALIZED_AUTOS = YES_AGGRESSIVE;
				GCC_WARN_UNUSED_FUNCTION = YES;
				GCC_WARN_UNUSED_VARIABLE = YES;
				IPHONEOS_DEPLOYMENT_TARGET = 8.4;
				MTL_ENABLE_DEBUG_INFO = NO;
				SDKROOT = iphoneos;
				VALIDATE_PRODUCT = YES;
			};
			name = Release;
		};
		AC8726671B7AB23E003F2766 /* Debug */ = {
			isa = XCBuildConfiguration;
			buildSettings = {
				ASSETCATALOG_COMPILER_APPICON_NAME = AppIcon;
				INFOPLIST_FILE = AutoLayer/Info.plist;
				LD_RUNPATH_SEARCH_PATHS = "$(inherited) @executable_path/Frameworks";
				PRODUCT_NAME = "$(TARGET_NAME)";
			};
			name = Debug;
		};
		AC8726681B7AB23E003F2766 /* Release */ = {
			isa = XCBuildConfiguration;
			buildSettings = {
				ASSETCATALOG_COMPILER_APPICON_NAME = AppIcon;
				INFOPLIST_FILE = AutoLayer/Info.plist;
				LD_RUNPATH_SEARCH_PATHS = "$(inherited) @executable_path/Frameworks";
				PRODUCT_NAME = "$(TARGET_NAME)";
			};
			name = Release;
		};
		AC87266A1B7AB23E003F2766 /* Debug */ = {
			isa = XCBuildConfiguration;
			buildSettings = {
				BUNDLE_LOADER = "$(TEST_HOST)";
				FRAMEWORK_SEARCH_PATHS = (
					"$(SDKROOT)/Developer/Library/Frameworks",
					"$(inherited)",
				);
				GCC_PREPROCESSOR_DEFINITIONS = (
					"DEBUG=1",
					"$(inherited)",
				);
				INFOPLIST_FILE = AutoLayerTests/Info.plist;
				LD_RUNPATH_SEARCH_PATHS = "$(inherited) @executable_path/Frameworks @loader_path/Frameworks";
				PRODUCT_NAME = "$(TARGET_NAME)";
				TEST_HOST = "$(BUILT_PRODUCTS_DIR)/AutoLayer.app/AutoLayer";
			};
			name = Debug;
		};
		AC87266B1B7AB23E003F2766 /* Release */ = {
			isa = XCBuildConfiguration;
			buildSettings = {
				BUNDLE_LOADER = "$(TEST_HOST)";
				FRAMEWORK_SEARCH_PATHS = (
					"$(SDKROOT)/Developer/Library/Frameworks",
					"$(inherited)",
				);
				INFOPLIST_FILE = AutoLayerTests/Info.plist;
				LD_RUNPATH_SEARCH_PATHS = "$(inherited) @executable_path/Frameworks @loader_path/Frameworks";
				PRODUCT_NAME = "$(TARGET_NAME)";
				TEST_HOST = "$(BUILT_PRODUCTS_DIR)/AutoLayer.app/AutoLayer";
			};
			name = Release;
		};
/* End XCBuildConfiguration section */

/* Begin XCConfigurationList section */
		AC8726421B7AB23E003F2766 /* Build configuration list for PBXProject "AutoLayer" */ = {
			isa = XCConfigurationList;
			buildConfigurations = (
				AC8726641B7AB23E003F2766 /* Debug */,
				AC8726651B7AB23E003F2766 /* Release */,
			);
			defaultConfigurationIsVisible = 0;
			defaultConfigurationName = Release;
		};
		AC8726661B7AB23E003F2766 /* Build configuration list for PBXNativeTarget "AutoLayer" */ = {
			isa = XCConfigurationList;
			buildConfigurations = (
				AC8726671B7AB23E003F2766 /* Debug */,
				AC8726681B7AB23E003F2766 /* Release */,
			);
			defaultConfigurationIsVisible = 0;
		};
		AC8726691B7AB23E003F2766 /* Build configuration list for PBXNativeTarget "AutoLayerTests" */ = {
			isa = XCConfigurationList;
			buildConfigurations = (
				AC87266A1B7AB23E003F2766 /* Debug */,
				AC87266B1B7AB23E003F2766 /* Release */,
			);
			defaultConfigurationIsVisible = 0;
		};
/* End XCConfigurationList section */
	};
	rootObject = AC87263F1B7AB23E003F2766 /* Project object */;
}
